
Microsoft Visual Studio Solution File, Format Version 12.00
# Visual Studio Version 17
VisualStudioVersion = 17.5.33516.290
MinimumVisualStudioVersion = 10.0.40219.1
Project("{FAE04EC0-301F-11D3-BF4B-00C04F79EFBC}") = "ASPPROJECT", "ASPProject\ASPPROJECT.csproj", "{64E9BF30-7C69-4CB1-8F07-16F655B48D79}"
EndProject
Project("{FAE04EC0-301F-11D3-BF4B-00C04F79EFBC}") = "ASPControl", "ASPControl\ASPControl.csproj", "{1C48EA9F-50DA-42E4-8087-D8C7C5F56FB2}"
EndProject
Project("{FAE04EC0-301F-11D3-BF4B-00C04F79EFBC}") = "ASPData", "ASPData\ASPData.csproj", "{C09CC071-8B4A-4460-8816-EF216C9E2E38}"
EndProject
Project("{FAE04EC0-301F-11D3-BF4B-00C04F79EFBC}") = "ASPExcelDataProcess", "ASPExcelDataProcess\ASPExcelDataProcess.csproj", "{4F25100C-F774-4488-BF90-A2D4BABB6B62}"
EndProject
Project("{FAE04EC0-301F-11D3-BF4B-00C04F79EFBC}") = "ASPReports", "ASPReportToExcel\ASPReports.csproj", "{9185F7E2-8873-4A6A-86DD-31C9ED9557FE}"
EndProject
Project("{FAE04EC0-301F-11D3-BF4B-00C04F79EFBC}") = "ASPMachineMonitor", "ASPMachineChart\ASPMachineMonitor.csproj", "{71A37AE4-6A14-4D93-987F-E05C2BFF0F22}"
EndProject
Project("{FAE04EC0-301F-11D3-BF4B-00C04F79EFBC}") = "ASPGoogleSheet", "ASPGoogleSheetToExcel\ASPGoogleSheet.csproj", "{BD9CD64C-0466-4D7B-9CCF-1F68351DBF22}"
EndProject
Global
	GlobalSection(SolutionConfigurationPlatforms) = preSolution
		Debug|Any CPU = Debug|Any CPU
		Debug|x64 = Debug|x64
		Debug|x86 = Debug|x86
		Release|Any CPU = Release|Any CPU
		Release|x64 = Release|x64
		Release|x86 = Release|x86
	EndGlobalSection
	GlobalSection(ProjectConfigurationPlatforms) = postSolution
		{64E9BF30-7C69-4CB1-8F07-16F655B48D79}.Debug|Any CPU.ActiveCfg = Debug|Any CPU
		{64E9BF30-7C69-4CB1-8F07-16F655B48D79}.Debug|Any CPU.Build.0 = Debug|Any CPU
		{64E9BF30-7C69-4CB1-8F07-16F655B48D79}.Debug|x64.ActiveCfg = Debug|Any CPU
		{64E9BF30-7C69-4CB1-8F07-16F655B48D79}.Debug|x64.Build.0 = Debug|Any CPU
		{64E9BF30-7C69-4CB1-8F07-16F655B48D79}.Debug|x86.ActiveCfg = Debug|Any CPU
		{64E9BF30-7C69-4CB1-8F07-16F655B48D79}.Debug|x86.Build.0 = Debug|Any CPU
		{64E9BF30-7C69-4CB1-8F07-16F655B48D79}.Release|Any CPU.ActiveCfg = Release|Any CPU
		{64E9BF30-7C69-4CB1-8F07-16F655B48D79}.Release|Any CPU.Build.0 = Release|Any CPU
		{64E9BF30-7C69-4CB1-8F07-16F655B48D79}.Release|x64.ActiveCfg = Release|Any CPU
		{64E9BF30-7C69-4CB1-8F07-16F655B48D79}.Release|x64.Build.0 = Release|Any CPU
		{64E9BF30-7C69-4CB1-8F07-16F655B48D79}.Release|x86.ActiveCfg = Release|Any CPU
		{64E9BF30-7C69-4CB1-8F07-16F655B48D79}.Release|x86.Build.0 = Release|Any CPU
		{1C48EA9F-50DA-42E4-8087-D8C7C5F56FB2}.Debug|Any CPU.ActiveCfg = Debug|Any CPU
		{1C48EA9F-50DA-42E4-8087-D8C7C5F56FB2}.Debug|Any CPU.Build.0 = Debug|Any CPU
		{1C48EA9F-50DA-42E4-8087-D8C7C5F56FB2}.Debug|x64.ActiveCfg = Debug|Any CPU
		{1C48EA9F-50DA-42E4-8087-D8C7C5F56FB2}.Debug|x64.Build.0 = Debug|Any CPU
		{1C48EA9F-50DA-42E4-8087-D8C7C5F56FB2}.Debug|x86.ActiveCfg = Debug|Any CPU
		{1C48EA9F-50DA-42E4-8087-D8C7C5F56FB2}.Debug|x86.Build.0 = Debug|Any CPU
		{1C48EA9F-50DA-42E4-8087-D8C7C5F56FB2}.Release|Any CPU.ActiveCfg = Release|Any CPU
		{1C48EA9F-50DA-42E4-8087-D8C7C5F56FB2}.Release|Any CPU.Build.0 = Release|Any CPU
		{1C48EA9F-50DA-42E4-8087-D8C7C5F56FB2}.Release|x64.ActiveCfg = Release|Any CPU
		{1C48EA9F-50DA-42E4-8087-D8C7C5F56FB2}.Release|x64.Build.0 = Release|Any CPU
		{1C48EA9F-50DA-42E4-8087-D8C7C5F56FB2}.Release|x86.ActiveCfg = Release|Any CPU
		{1C48EA9F-50DA-42E4-8087-D8C7C5F56FB2}.Release|x86.Build.0 = Release|Any CPU
		{C09CC071-8B4A-4460-8816-EF216C9E2E38}.Debug|Any CPU.ActiveCfg = Debug|Any CPU
		{C09CC071-8B4A-4460-8816-EF216C9E2E38}.Debug|Any CPU.Build.0 = Debug|Any CPU
		{C09CC071-8B4A-4460-8816-EF216C9E2E38}.Debug|x64.ActiveCfg = Debug|Any CPU
		{C09CC071-8B4A-4460-8816-EF216C9E2E38}.Debug|x64.Build.0 = Debug|Any CPU
		{C09CC071-8B4A-4460-8816-EF216C9E2E38}.Debug|x86.ActiveCfg = Debug|Any CPU
		{C09CC071-8B4A-4460-8816-EF216C9E2E38}.Debug|x86.Build.0 = Debug|Any CPU
		{C09CC071-8B4A-4460-8816-EF216C9E2E38}.Release|Any CPU.ActiveCfg = Release|Any CPU
		{C09CC071-8B4A-4460-8816-EF216C9E2E38}.Release|Any CPU.Build.0 = Release|Any CPU
		{C09CC071-8B4A-4460-8816-EF216C9E2E38}.Release|x64.ActiveCfg = Release|Any CPU
		{C09CC071-8B4A-4460-8816-EF216C9E2E38}.Release|x64.Build.0 = Release|Any CPU
		{C09CC071-8B4A-4460-8816-EF216C9E2E38}.Release|x86.ActiveCfg = Release|Any CPU
		{C09CC071-8B4A-4460-8816-EF216C9E2E38}.Release|x86.Build.0 = Release|Any CPU
		{4F25100C-F774-4488-BF90-A2D4BABB6B62}.Debug|Any CPU.ActiveCfg = Debug|Any CPU
		{4F25100C-F774-4488-BF90-A2D4BABB6B62}.Debug|Any CPU.Build.0 = Debug|Any CPU
		{4F25100C-F774-4488-BF90-A2D4BABB6B62}.Debug|x64.ActiveCfg = Debug|Any CPU
		{4F25100C-F774-4488-BF90-A2D4BABB6B62}.Debug|x64.Build.0 = Debug|Any CPU
		{4F25100C-F774-4488-BF90-A2D4BABB6B62}.Debug|x86.ActiveCfg = Debug|Any CPU
		{4F25100C-F774-4488-BF90-A2D4BABB6B62}.Debug|x86.Build.0 = Debug|Any CPU
		{4F25100C-F774-4488-BF90-A2D4BABB6B62}.Release|Any CPU.ActiveCfg = Release|Any CPU
		{4F25100C-F774-4488-BF90-A2D4BABB6B62}.Release|Any CPU.Build.0 = Release|Any CPU
		{4F25100C-F774-4488-BF90-A2D4BABB6B62}.Release|x64.ActiveCfg = Release|Any CPU
		{4F25100C-F774-4488-BF90-A2D4BABB6B62}.Release|x64.Build.0 = Release|Any CPU
		{4F25100C-F774-4488-BF90-A2D4BABB6B62}.Release|x86.ActiveCfg = Release|Any CPU
		{4F25100C-F774-4488-BF90-A2D4BABB6B62}.Release|x86.Build.0 = Release|Any CPU
		{9185F7E2-8873-4A6A-86DD-31C9ED9557FE}.Debug|Any CPU.ActiveCfg = Debug|Any CPU
		{9185F7E2-8873-4A6A-86DD-31C9ED9557FE}.Debug|Any CPU.Build.0 = Debug|Any CPU
		{9185F7E2-8873-4A6A-86DD-31C9ED9557FE}.Debug|x64.ActiveCfg = Debug|Any CPU
		{9185F7E2-8873-4A6A-86DD-31C9ED9557FE}.Debug|x64.Build.0 = Debug|Any CPU
		{9185F7E2-8873-4A6A-86DD-31C9ED9557FE}.Debug|x86.ActiveCfg = Debug|Any CPU
		{9185F7E2-8873-4A6A-86DD-31C9ED9557FE}.Debug|x86.Build.0 = Debug|Any CPU
		{9185F7E2-8873-4A6A-86DD-31C9ED9557FE}.Release|Any CPU.ActiveCfg = Release|Any CPU
		{9185F7E2-8873-4A6A-86DD-31C9ED9557FE}.Release|Any CPU.Build.0 = Release|Any CPU
		{9185F7E2-8873-4A6A-86DD-31C9ED9557FE}.Release|x64.ActiveCfg = Release|Any CPU
		{9185F7E2-8873-4A6A-86DD-31C9ED9557FE}.Release|x64.Build.0 = Release|Any CPU
		{9185F7E2-8873-4A6A-86DD-31C9ED9557FE}.Release|x86.ActiveCfg = Release|Any CPU
		{9185F7E2-8873-4A6A-86DD-31C9ED9557FE}.Release|x86.Build.0 = Release|Any CPU
		{71A37AE4-6A14-4D93-987F-E05C2BFF0F22}.Debug|Any CPU.ActiveCfg = Debug|Any CPU
		{71A37AE4-6A14-4D93-987F-E05C2BFF0F22}.Debug|Any CPU.Build.0 = Debug|Any CPU
		{71A37AE4-6A14-4D93-987F-E05C2BFF0F22}.Debug|x64.ActiveCfg = Debug|Any CPU
		{71A37AE4-6A14-4D93-987F-E05C2BFF0F22}.Debug|x64.Build.0 = Debug|Any CPU
		{71A37AE4-6A14-4D93-987F-E05C2BFF0F22}.Debug|x86.ActiveCfg = Debug|Any CPU
		{71A37AE4-6A14-4D93-987F-E05C2BFF0F22}.Debug|x86.Build.0 = Debug|Any CPU
		{71A37AE4-6A14-4D93-987F-E05C2BFF0F22}.Release|Any CPU.ActiveCfg = Release|Any CPU
		{71A37AE4-6A14-4D93-987F-E05C2BFF0F22}.Release|Any CPU.Build.0 = Release|Any CPU
		{71A37AE4-6A14-4D93-987F-E05C2BFF0F22}.Release|x64.ActiveCfg = Release|Any CPU
		{71A37AE4-6A14-4D93-987F-E05C2BFF0F22}.Release|x64.Build.0 = Release|Any CPU
		{71A37AE4-6A14-4D93-987F-E05C2BFF0F22}.Release|x86.ActiveCfg = Release|Any CPU
		{71A37AE4-6A14-4D93-987F-E05C2BFF0F22}.Release|x86.Build.0 = Release|Any CPU
		{BD9CD64C-0466-4D7B-9CCF-1F68351DBF22}.Debug|Any CPU.ActiveCfg = Debug|Any CPU
		{BD9CD64C-0466-4D7B-9CCF-1F68351DBF22}.Debug|Any CPU.Build.0 = Debug|Any CPU
		{BD9CD64C-0466-4D7B-9CCF-1F68351DBF22}.Debug|x64.ActiveCfg = Debug|Any CPU
		{BD9CD64C-0466-4D7B-9CCF-1F68351DBF22}.Debug|x64.Build.0 = Debug|Any CPU
		{BD9CD64C-0466-4D7B-9CCF-1F68351DBF22}.Debug|x86.ActiveCfg = Debug|Any CPU
		{BD9CD64C-0466-4D7B-9CCF-1F68351DBF22}.Debug|x86.Build.0 = Debug|Any CPU
		{BD9CD64C-0466-4D7B-9CCF-1F68351DBF22}.Release|Any CPU.ActiveCfg = Release|Any CPU
		{BD9CD64C-0466-4D7B-9CCF-1F68351DBF22}.Release|Any CPU.Build.0 = Release|Any CPU
		{BD9CD64C-0466-4D7B-9CCF-1F68351DBF22}.Release|x64.ActiveCfg = Release|Any CPU
		{BD9CD64C-0466-4D7B-9CCF-1F68351DBF22}.Release|x64.Build.0 = Release|Any CPU
		{BD9CD64C-0466-4D7B-9CCF-1F68351DBF22}.Release|x86.ActiveCfg = Release|Any CPU
		{BD9CD64C-0466-4D7B-9CCF-1F68351DBF22}.Release|x86.Build.0 = Release|Any CPU
	EndGlobalSection
	GlobalSection(SolutionProperties) = preSolution
		HideSolutionNode = FALSE
	EndGlobalSection
	GlobalSection(ExtensibilityGlobals) = postSolution
		SolutionGuid = {788946CC-CA44-415D-820C-A119BFEE047C}
	EndGlobalSection
EndGlobal
